
Microsoft Visual Studio Solution File, Format Version 12.00
# Visual Studio Version 17
VisualStudioVersion = 17.5.33424.131
MinimumVisualStudioVersion = 10.0.40219.1
Project("{9A19103F-16F7-4668-BE54-9A1E7A4F7556}") = "SeleniumRecorderApi", "SeleniumRecorderApi\SeleniumRecorderApi.csproj", "{B137E535-CAB1-4CAA-AA73-F45C0AC51D8A}"
EndProject
Project("{9A19103F-16F7-4668-BE54-9A1E7A4F7556}") = "SeleniumRecorder", "SeleniumRecorder\SeleniumRecorder.csproj", "{77DB0085-B517-45BB-B35C-E8248013F231}"
EndProject
Project("{FAE04EC0-301F-11D3-BF4B-00C04F79EFBC}") = "AWAIT.DAL", "AWAIT.DAL\AWAIT.DAL.csproj", "{333EF4DA-31B5-47E6-A161-8181C3EE84B7}"
EndProject
Global
	GlobalSection(SolutionConfigurationPlatforms) = preSolution
		Debug|Any CPU = Debug|Any CPU
		Release|Any CPU = Release|Any CPU
	EndGlobalSection
	GlobalSection(ProjectConfigurationPlatforms) = postSolution
		{B137E535-CAB1-4CAA-AA73-F45C0AC51D8A}.Debug|Any CPU.ActiveCfg = Debug|Any CPU
		{B137E535-CAB1-4CAA-AA73-F45C0AC51D8A}.Debug|Any CPU.Build.0 = Debug|Any CPU
		{B137E535-CAB1-4CAA-AA73-F45C0AC51D8A}.Release|Any CPU.ActiveCfg = Release|Any CPU
		{B137E535-CAB1-4CAA-AA73-F45C0AC51D8A}.Release|Any CPU.Build.0 = Release|Any CPU
		{77DB0085-B517-45BB-B35C-E8248013F231}.Debug|Any CPU.ActiveCfg = Debug|Any CPU
		{77DB0085-B517-45BB-B35C-E8248013F231}.Debug|Any CPU.Build.0 = Debug|Any CPU
		{77DB0085-B517-45BB-B35C-E8248013F231}.Release|Any CPU.ActiveCfg = Release|Any CPU
		{77DB0085-B517-45BB-B35C-E8248013F231}.Release|Any CPU.Build.0 = Release|Any CPU
		{333EF4DA-31B5-47E6-A161-8181C3EE84B7}.Debug|Any CPU.ActiveCfg = Debug|Any CPU
		{333EF4DA-31B5-47E6-A161-8181C3EE84B7}.Debug|Any CPU.Build.0 = Debug|Any CPU
		{333EF4DA-31B5-47E6-A161-8181C3EE84B7}.Release|Any CPU.ActiveCfg = Release|Any CPU
		{333EF4DA-31B5-47E6-A161-8181C3EE84B7}.Release|Any CPU.Build.0 = Release|Any CPU
	EndGlobalSection
	GlobalSection(SolutionProperties) = preSolution
		HideSolutionNode = FALSE
	EndGlobalSection
	GlobalSection(ExtensibilityGlobals) = postSolution
		SolutionGuid = {9051C646-2732-4E36-A623-1546B1194C74}
	EndGlobalSection
EndGlobal
